
Microsoft Visual Studio Solution File, Format Version 12.00
# Visual Studio Version 17
VisualStudioVersion = 17.3.32825.248
MinimumVisualStudioVersion = 10.0.40219.1
Project("{FAE04EC0-301F-11D3-BF4B-00C04F79EFBC}") = "tictactoe", "tictactoe.csproj", "{28437A2E-845F-4924-9968-3ADC45685DEC}"
EndProject
Global
	GlobalSection(SolutionConfigurationPlatforms) = preSolution
		Debug|Any CPU = Debug|Any CPU
		Release|Any CPU = Release|Any CPU
	EndGlobalSection
	GlobalSection(ProjectConfigurationPlatforms) = postSolution
		{28437A2E-845F-4924-9968-3ADC45685DEC}.Debug|Any CPU.ActiveCfg = Debug|Any CPU
		{28437A2E-845F-4924-9968-3ADC45685DEC}.Debug|Any CPU.Build.0 = Debug|Any CPU
		{28437A2E-845F-4924-9968-3ADC45685DEC}.Release|Any CPU.ActiveCfg = Release|Any CPU
		{28437A2E-845F-4924-9968-3ADC45685DEC}.Release|Any CPU.Build.0 = Release|Any CPU
	EndGlobalSection
	GlobalSection(SolutionProperties) = preSolution
		HideSolutionNode = FALSE
	EndGlobalSection
	GlobalSection(ExtensibilityGlobals) = postSolution
		SolutionGuid = {D78F0930-1B97-49DC-97A4-D11875328356}
	EndGlobalSection
EndGlobal
